// !$*UTF8*$!
{
	archiveVersion = 1;
	classes = {
	};
	objectVersion = 56;
	objects = {

/* Begin PBXBuildFile section */
		4DFA572F29684D2A009E774F /* AppDelegate.swift in Sources */ = {isa = PBXBuildFile; fileRef = 4DFA572E29684D2A009E774F /* AppDelegate.swift */; };
		4DFA573129684D2A009E774F /* SceneDelegate.swift in Sources */ = {isa = PBXBuildFile; fileRef = 4DFA573029684D2A009E774F /* SceneDelegate.swift */; };
		4DFA573329684D2A009E774F /* HomeViewController.swift in Sources */ = {isa = PBXBuildFile; fileRef = 4DFA573229684D2A009E774F /* HomeViewController.swift */; };
		4DFA573829684D2B009E774F /* Assets.xcassets in Resources */ = {isa = PBXBuildFile; fileRef = 4DFA573729684D2B009E774F /* Assets.xcassets */; };
		4DFA573B29684D2B009E774F /* LaunchScreen.storyboard in Resources */ = {isa = PBXBuildFile; fileRef = 4DFA573929684D2B009E774F /* LaunchScreen.storyboard */; };
		4DFA574B29684F57009E774F /* Recipe.swift in Sources */ = {isa = PBXBuildFile; fileRef = 4DFA574A29684F57009E774F /* Recipe.swift */; };
		4DFA574E29684FBE009E774F /* RecipeRepositoryMock.swift in Sources */ = {isa = PBXBuildFile; fileRef = 4DFA574D29684FBE009E774F /* RecipeRepositoryMock.swift */; };
		4DFA575029685161009E774F /* BaseUIViewController.swift in Sources */ = {isa = PBXBuildFile; fileRef = 4DFA574F29685161009E774F /* BaseUIViewController.swift */; };
		4DFA575229685178009E774F /* BaseUIView.swift in Sources */ = {isa = PBXBuildFile; fileRef = 4DFA575129685178009E774F /* BaseUIView.swift */; };
		4DFA575429685256009E774F /* HomeView.swift in Sources */ = {isa = PBXBuildFile; fileRef = 4DFA575329685256009E774F /* HomeView.swift */; };
		4DFA57562968530C009E774F /* UIView+Extension.swift in Sources */ = {isa = PBXBuildFile; fileRef = 4DFA57552968530C009E774F /* UIView+Extension.swift */; };
		4DFA575929685530009E774F /* ImageTapView.swift in Sources */ = {isa = PBXBuildFile; fileRef = 4DFA575829685530009E774F /* ImageTapView.swift */; };
		4DFA575B29685F1F009E774F /* RegisterViewController.swift in Sources */ = {isa = PBXBuildFile; fileRef = 4DFA575A29685F1F009E774F /* RegisterViewController.swift */; };
		4DFA575E29685F4D009E774F /* RegisterView.swift in Sources */ = {isa = PBXBuildFile; fileRef = 4DFA575D29685F4D009E774F /* RegisterView.swift */; };
		4DFA57602968614F009E774F /* RecipeViewModel.swift in Sources */ = {isa = PBXBuildFile; fileRef = 4DFA575F2968614F009E774F /* RecipeViewModel.swift */; };
		4DFA5764296864B8009E774F /* RegisterFormView.swift in Sources */ = {isa = PBXBuildFile; fileRef = 4DFA5763296864B8009E774F /* RegisterFormView.swift */; };
		4DFA576629687FCA009E774F /* RecipesViewController.swift in Sources */ = {isa = PBXBuildFile; fileRef = 4DFA576529687FCA009E774F /* RecipesViewController.swift */; };
		4DFA576929688016009E774F /* RecipesView.swift in Sources */ = {isa = PBXBuildFile; fileRef = 4DFA576829688016009E774F /* RecipesView.swift */; };
		4DFA576B296880C9009E774F /* RecipeCollectionViewCell.swift in Sources */ = {isa = PBXBuildFile; fileRef = 4DFA576A296880C9009E774F /* RecipeCollectionViewCell.swift */; };
		4DFA576D296885B4009E774F /* RecipeViewController.swift in Sources */ = {isa = PBXBuildFile; fileRef = 4DFA576C296885B4009E774F /* RecipeViewController.swift */; };
		4DFA5770296885DC009E774F /* RecipeView.swift in Sources */ = {isa = PBXBuildFile; fileRef = 4DFA576F296885DC009E774F /* RecipeView.swift */; };
/* End PBXBuildFile section */

/* Begin PBXFileReference section */
		4DFA572B29684D2A009E774F /* Recipes.app */ = {isa = PBXFileReference; explicitFileType = wrapper.application; includeInIndex = 0; path = Recipes.app; sourceTree = BUILT_PRODUCTS_DIR; };
		4DFA572E29684D2A009E774F /* AppDelegate.swift */ = {isa = PBXFileReference; lastKnownFileType = sourcecode.swift; path = AppDelegate.swift; sourceTree = "<group>"; };
		4DFA573029684D2A009E774F /* SceneDelegate.swift */ = {isa = PBXFileReference; lastKnownFileType = sourcecode.swift; path = SceneDelegate.swift; sourceTree = "<group>"; };
		4DFA573229684D2A009E774F /* HomeViewController.swift */ = {isa = PBXFileReference; lastKnownFileType = sourcecode.swift; path = HomeViewController.swift; sourceTree = "<group>"; };
		4DFA573729684D2B009E774F /* Assets.xcassets */ = {isa = PBXFileReference; lastKnownFileType = folder.assetcatalog; path = Assets.xcassets; sourceTree = "<group>"; };
		4DFA573A29684D2B009E774F /* Base */ = {isa = PBXFileReference; lastKnownFileType = file.storyboard; name = Base; path = Base.lproj/LaunchScreen.storyboard; sourceTree = "<group>"; };
		4DFA573C29684D2B009E774F /* Info.plist */ = {isa = PBXFileReference; lastKnownFileType = text.plist.xml; path = Info.plist; sourceTree = "<group>"; };
		4DFA574A29684F57009E774F /* Recipe.swift */ = {isa = PBXFileReference; lastKnownFileType = sourcecode.swift; path = Recipe.swift; sourceTree = "<group>"; };
		4DFA574D29684FBE009E774F /* RecipeRepositoryMock.swift */ = {isa = PBXFileReference; lastKnownFileType = sourcecode.swift; path = RecipeRepositoryMock.swift; sourceTree = "<group>"; };
		4DFA574F29685161009E774F /* BaseUIViewController.swift */ = {isa = PBXFileReference; lastKnownFileType = sourcecode.swift; path = BaseUIViewController.swift; sourceTree = "<group>"; };
		4DFA575129685178009E774F /* BaseUIView.swift */ = {isa = PBXFileReference; lastKnownFileType = sourcecode.swift; path = BaseUIView.swift; sourceTree = "<group>"; };
		4DFA575329685256009E774F /* HomeView.swift */ = {isa = PBXFileReference; lastKnownFileType = sourcecode.swift; path = HomeView.swift; sourceTree = "<group>"; };
		4DFA57552968530C009E774F /* UIView+Extension.swift */ = {isa = PBXFileReference; lastKnownFileType = sourcecode.swift; path = "UIView+Extension.swift"; sourceTree = "<group>"; };
		4DFA575829685530009E774F /* ImageTapView.swift */ = {isa = PBXFileReference; lastKnownFileType = sourcecode.swift; path = ImageTapView.swift; sourceTree = "<group>"; };
		4DFA575A29685F1F009E774F /* RegisterViewController.swift */ = {isa = PBXFileReference; lastKnownFileType = sourcecode.swift; path = RegisterViewController.swift; sourceTree = "<group>"; };
		4DFA575D29685F4D009E774F /* RegisterView.swift */ = {isa = PBXFileReference; lastKnownFileType = sourcecode.swift; path = RegisterView.swift; sourceTree = "<group>"; };
		4DFA575F2968614F009E774F /* RecipeViewModel.swift */ = {isa = PBXFileReference; lastKnownFileType = sourcecode.swift; path = RecipeViewModel.swift; sourceTree = "<group>"; };
		4DFA5763296864B8009E774F /* RegisterFormView.swift */ = {isa = PBXFileReference; lastKnownFileType = sourcecode.swift; path = RegisterFormView.swift; sourceTree = "<group>"; };
		4DFA576529687FCA009E774F /* RecipesViewController.swift */ = {isa = PBXFileReference; lastKnownFileType = sourcecode.swift; path = RecipesViewController.swift; sourceTree = "<group>"; };
		4DFA576829688016009E774F /* RecipesView.swift */ = {isa = PBXFileReference; lastKnownFileType = sourcecode.swift; path = RecipesView.swift; sourceTree = "<group>"; };
		4DFA576A296880C9009E774F /* RecipeCollectionViewCell.swift */ = {isa = PBXFileReference; lastKnownFileType = sourcecode.swift; path = RecipeCollectionViewCell.swift; sourceTree = "<group>"; };
		4DFA576C296885B4009E774F /* RecipeViewController.swift */ = {isa = PBXFileReference; lastKnownFileType = sourcecode.swift; path = RecipeViewController.swift; sourceTree = "<group>"; };
		4DFA576F296885DC009E774F /* RecipeView.swift */ = {isa = PBXFileReference; lastKnownFileType = sourcecode.swift; path = RecipeView.swift; sourceTree = "<group>"; };
/* End PBXFileReference section */

/* Begin PBXFrameworksBuildPhase section */
		4DFA572829684D2A009E774F /* Frameworks */ = {
			isa = PBXFrameworksBuildPhase;
			buildActionMask = 2147483647;
			files = (
			);
			runOnlyForDeploymentPostprocessing = 0;
		};
/* End PBXFrameworksBuildPhase section */

/* Begin PBXGroup section */
		4DFA572229684D2A009E774F = {
			isa = PBXGroup;
			children = (
				4DFA572D29684D2A009E774F /* Recipes */,
				4DFA572C29684D2A009E774F /* Products */,
			);
			sourceTree = "<group>";
		};
		4DFA572C29684D2A009E774F /* Products */ = {
			isa = PBXGroup;
			children = (
				4DFA572B29684D2A009E774F /* Recipes.app */,
			);
			name = Products;
			sourceTree = "<group>";
		};
		4DFA572D29684D2A009E774F /* Recipes */ = {
			isa = PBXGroup;
			children = (
				4DFA574229684EDE009E774F /* Model */,
				4DFA574529684EF4009E774F /* ViewModel */,
				4DFA574429684EEE009E774F /* View */,
				4DFA574829684F16009E774F /* Util */,
				4DFA574729684F0D009E774F /* Storyboard */,
				4DFA574629684EFC009E774F /* Delegate */,
				4DFA574329684EE2009E774F /* Resource */,
				4DFA573C29684D2B009E774F /* Info.plist */,
			);
			path = Recipes;
			sourceTree = "<group>";
		};
		4DFA574229684EDE009E774F /* Model */ = {
			isa = PBXGroup;
			children = (
				4DFA574A29684F57009E774F /* Recipe.swift */,
			);
			path = Model;
			sourceTree = "<group>";
		};
		4DFA574329684EE2009E774F /* Resource */ = {
			isa = PBXGroup;
			children = (
				4DFA574C29684FA8009E774F /* Mock */,
				4DFA573729684D2B009E774F /* Assets.xcassets */,
			);
			path = Resource;
			sourceTree = "<group>";
		};
		4DFA574429684EEE009E774F /* View */ = {
			isa = PBXGroup;
			children = (
				4DFA576E296885CB009E774F /* Recipe */,
				4DFA576729687FE5009E774F /* Recipes */,
				4DFA575C29685F40009E774F /* Register */,
				4DFA575729685523009E774F /* Home */,
				4DFA574929684F29009E774F /* Controller */,
				4DFA575129685178009E774F /* BaseUIView.swift */,
			);
			path = View;
			sourceTree = "<group>";
		};
		4DFA574529684EF4009E774F /* ViewModel */ = {
			isa = PBXGroup;
			children = (
				4DFA575F2968614F009E774F /* RecipeViewModel.swift */,
			);
			path = ViewModel;
			sourceTree = "<group>";
		};
		4DFA574629684EFC009E774F /* Delegate */ = {
			isa = PBXGroup;
			children = (
				4DFA573029684D2A009E774F /* SceneDelegate.swift */,
				4DFA572E29684D2A009E774F /* AppDelegate.swift */,
			);
			name = Delegate;
			sourceTree = "<group>";
		};
		4DFA574729684F0D009E774F /* Storyboard */ = {
			isa = PBXGroup;
			children = (
				4DFA573929684D2B009E774F /* LaunchScreen.storyboard */,
			);
			path = Storyboard;
			sourceTree = "<group>";
		};
		4DFA574829684F16009E774F /* Util */ = {
			isa = PBXGroup;
			children = (
				4DFA57552968530C009E774F /* UIView+Extension.swift */,
			);
			path = Util;
			sourceTree = "<group>";
		};
		4DFA574929684F29009E774F /* Controller */ = {
			isa = PBXGroup;
			children = (
				4DFA573229684D2A009E774F /* HomeViewController.swift */,
				4DFA574F29685161009E774F /* BaseUIViewController.swift */,
				4DFA575A29685F1F009E774F /* RegisterViewController.swift */,
				4DFA576529687FCA009E774F /* RecipesViewController.swift */,
				4DFA576C296885B4009E774F /* RecipeViewController.swift */,
			);
			path = Controller;
			sourceTree = "<group>";
		};
		4DFA574C29684FA8009E774F /* Mock */ = {
			isa = PBXGroup;
			children = (
				4DFA574D29684FBE009E774F /* RecipeRepositoryMock.swift */,
			);
			path = Mock;
			sourceTree = "<group>";
		};
		4DFA575729685523009E774F /* Home */ = {
			isa = PBXGroup;
			children = (
				4DFA575329685256009E774F /* HomeView.swift */,
				4DFA575829685530009E774F /* ImageTapView.swift */,
			);
			path = Home;
			sourceTree = "<group>";
		};
		4DFA575C29685F40009E774F /* Register */ = {
			isa = PBXGroup;
			children = (
				4DFA575D29685F4D009E774F /* RegisterView.swift */,
				4DFA5763296864B8009E774F /* RegisterFormView.swift */,
			);
			path = Register;
			sourceTree = "<group>";
		};
		4DFA576729687FE5009E774F /* Recipes */ = {
			isa = PBXGroup;
			children = (
				4DFA576829688016009E774F /* RecipesView.swift */,
				4DFA576A296880C9009E774F /* RecipeCollectionViewCell.swift */,
			);
			path = Recipes;
			sourceTree = "<group>";
		};
		4DFA576E296885CB009E774F /* Recipe */ = {
			isa = PBXGroup;
			children = (
				4DFA576F296885DC009E774F /* RecipeView.swift */,
			);
			path = Recipe;
			sourceTree = "<group>";
		};
/* End PBXGroup section */

/* Begin PBXNativeTarget section */
		4DFA572A29684D2A009E774F /* Recipes */ = {
			isa = PBXNativeTarget;
			buildConfigurationList = 4DFA573F29684D2B009E774F /* Build configuration list for PBXNativeTarget "Recipes" */;
			buildPhases = (
				4DFA572729684D2A009E774F /* Sources */,
				4DFA572829684D2A009E774F /* Frameworks */,
				4DFA572929684D2A009E774F /* Resources */,
			);
			buildRules = (
			);
			dependencies = (
			);
			name = Recipes;
			productName = Recipes;
			productReference = 4DFA572B29684D2A009E774F /* Recipes.app */;
			productType = "com.apple.product-type.application";
		};
/* End PBXNativeTarget section */

/* Begin PBXProject section */
		4DFA572329684D2A009E774F /* Project object */ = {
			isa = PBXProject;
			attributes = {
				BuildIndependentTargetsInParallel = 1;
				LastSwiftUpdateCheck = 1410;
				LastUpgradeCheck = 1410;
				TargetAttributes = {
					4DFA572A29684D2A009E774F = {
						CreatedOnToolsVersion = 14.1;
					};
				};
			};
			buildConfigurationList = 4DFA572629684D2A009E774F /* Build configuration list for PBXProject "Recipes" */;
			compatibilityVersion = "Xcode 14.0";
			developmentRegion = en;
			hasScannedForEncodings = 0;
			knownRegions = (
				en,
				Base,
			);
			mainGroup = 4DFA572229684D2A009E774F;
			productRefGroup = 4DFA572C29684D2A009E774F /* Products */;
			projectDirPath = "";
			projectRoot = "";
			targets = (
				4DFA572A29684D2A009E774F /* Recipes */,
			);
		};
/* End PBXProject section */

/* Begin PBXResourcesBuildPhase section */
		4DFA572929684D2A009E774F /* Resources */ = {
			isa = PBXResourcesBuildPhase;
			buildActionMask = 2147483647;
			files = (
				4DFA573B29684D2B009E774F /* LaunchScreen.storyboard in Resources */,
				4DFA573829684D2B009E774F /* Assets.xcassets in Resources */,
			);
			runOnlyForDeploymentPostprocessing = 0;
		};
/* End PBXResourcesBuildPhase section */

/* Begin PBXSourcesBuildPhase section */
		4DFA572729684D2A009E774F /* Sources */ = {
			isa = PBXSourcesBuildPhase;
			buildActionMask = 2147483647;
			files = (
				4DFA573329684D2A009E774F /* HomeViewController.swift in Sources */,
				4DFA575B29685F1F009E774F /* RegisterViewController.swift in Sources */,
				4DFA572F29684D2A009E774F /* AppDelegate.swift in Sources */,
				4DFA575929685530009E774F /* ImageTapView.swift in Sources */,
				4DFA573129684D2A009E774F /* SceneDelegate.swift in Sources */,
				4DFA576929688016009E774F /* RecipesView.swift in Sources */,
				4DFA5764296864B8009E774F /* RegisterFormView.swift in Sources */,
				4DFA57562968530C009E774F /* UIView+Extension.swift in Sources */,
				4DFA576D296885B4009E774F /* RecipeViewController.swift in Sources */,
				4DFA574E29684FBE009E774F /* RecipeRepositoryMock.swift in Sources */,
				4DFA575229685178009E774F /* BaseUIView.swift in Sources */,
				4DFA5770296885DC009E774F /* RecipeView.swift in Sources */,
				4DFA575429685256009E774F /* HomeView.swift in Sources */,
				4DFA575E29685F4D009E774F /* RegisterView.swift in Sources */,
				4DFA576B296880C9009E774F /* RecipeCollectionViewCell.swift in Sources */,
				4DFA574B29684F57009E774F /* Recipe.swift in Sources */,
				4DFA575029685161009E774F /* BaseUIViewController.swift in Sources */,
				4DFA576629687FCA009E774F /* RecipesViewController.swift in Sources */,
				4DFA57602968614F009E774F /* RecipeViewModel.swift in Sources */,
			);
			runOnlyForDeploymentPostprocessing = 0;
		};
/* End PBXSourcesBuildPhase section */

/* Begin PBXVariantGroup section */
		4DFA573929684D2B009E774F /* LaunchScreen.storyboard */ = {
			isa = PBXVariantGroup;
			children = (
				4DFA573A29684D2B009E774F /* Base */,
			);
			name = LaunchScreen.storyboard;
			sourceTree = "<group>";
		};
/* End PBXVariantGroup section */

/* Begin XCBuildConfiguration section */
		4DFA573D29684D2B009E774F /* Debug */ = {
			isa = XCBuildConfiguration;
			buildSettings = {
				ALWAYS_SEARCH_USER_PATHS = NO;
				CLANG_ANALYZER_NONNULL = YES;
				CLANG_ANALYZER_NUMBER_OBJECT_CONVERSION = YES_AGGRESSIVE;
				CLANG_CXX_LANGUAGE_STANDARD = "gnu++20";
				CLANG_ENABLE_MODULES = YES;
				CLANG_ENABLE_OBJC_ARC = YES;
				CLANG_ENABLE_OBJC_WEAK = YES;
				CLANG_WARN_BLOCK_CAPTURE_AUTORELEASING = YES;
				CLANG_WARN_BOOL_CONVERSION = YES;
				CLANG_WARN_COMMA = YES;
				CLANG_WARN_CONSTANT_CONVERSION = YES;
				CLANG_WARN_DEPRECATED_OBJC_IMPLEMENTATIONS = YES;
				CLANG_WARN_DIRECT_OBJC_ISA_USAGE = YES_ERROR;
				CLANG_WARN_DOCUMENTATION_COMMENTS = YES;
				CLANG_WARN_EMPTY_BODY = YES;
				CLANG_WARN_ENUM_CONVERSION = YES;
				CLANG_WARN_INFINITE_RECURSION = YES;
				CLANG_WARN_INT_CONVERSION = YES;
				CLANG_WARN_NON_LITERAL_NULL_CONVERSION = YES;
				CLANG_WARN_OBJC_IMPLICIT_RETAIN_SELF = YES;
				CLANG_WARN_OBJC_LITERAL_CONVERSION = YES;
				CLANG_WARN_OBJC_ROOT_CLASS = YES_ERROR;
				CLANG_WARN_QUOTED_INCLUDE_IN_FRAMEWORK_HEADER = YES;
				CLANG_WARN_RANGE_LOOP_ANALYSIS = YES;
				CLANG_WARN_STRICT_PROTOTYPES = YES;
				CLANG_WARN_SUSPICIOUS_MOVE = YES;
				CLANG_WARN_UNGUARDED_AVAILABILITY = YES_AGGRESSIVE;
				CLANG_WARN_UNREACHABLE_CODE = YES;
				CLANG_WARN__DUPLICATE_METHOD_MATCH = YES;
				COPY_PHASE_STRIP = NO;
				DEBUG_INFORMATION_FORMAT = dwarf;
				ENABLE_STRICT_OBJC_MSGSEND = YES;
				ENABLE_TESTABILITY = YES;
				GCC_C_LANGUAGE_STANDARD = gnu11;
				GCC_DYNAMIC_NO_PIC = NO;
				GCC_NO_COMMON_BLOCKS = YES;
				GCC_OPTIMIZATION_LEVEL = 0;
				GCC_PREPROCESSOR_DEFINITIONS = (
					"DEBUG=1",
					"$(inherited)",
				);
				GCC_WARN_64_TO_32_BIT_CONVERSION = YES;
				GCC_WARN_ABOUT_RETURN_TYPE = YES_ERROR;
				GCC_WARN_UNDECLARED_SELECTOR = YES;
				GCC_WARN_UNINITIALIZED_AUTOS = YES_AGGRESSIVE;
				GCC_WARN_UNUSED_FUNCTION = YES;
				GCC_WARN_UNUSED_VARIABLE = YES;
				IPHONEOS_DEPLOYMENT_TARGET = 16.1;
				MTL_ENABLE_DEBUG_INFO = INCLUDE_SOURCE;
				MTL_FAST_MATH = YES;
				ONLY_ACTIVE_ARCH = YES;
				SDKROOT = iphoneos;
				SWIFT_ACTIVE_COMPILATION_CONDITIONS = DEBUG;
				SWIFT_OPTIMIZATION_LEVEL = "-Onone";
			};
			name = Debug;
		};
		4DFA573E29684D2B009E774F /* Release */ = {
			isa = XCBuildConfiguration;
			buildSettings = {
				ALWAYS_SEARCH_USER_PATHS = NO;
				CLANG_ANALYZER_NONNULL = YES;
				CLANG_ANALYZER_NUMBER_OBJECT_CONVERSION = YES_AGGRESSIVE;
				CLANG_CXX_LANGUAGE_STANDARD = "gnu++20";
				CLANG_ENABLE_MODULES = YES;
				CLANG_ENABLE_OBJC_ARC = YES;
				CLANG_ENABLE_OBJC_WEAK = YES;
				CLANG_WARN_BLOCK_CAPTURE_AUTORELEASING = YES;
				CLANG_WARN_BOOL_CONVERSION = YES;
				CLANG_WARN_COMMA = YES;
				CLANG_WARN_CONSTANT_CONVERSION = YES;
				CLANG_WARN_DEPRECATED_OBJC_IMPLEMENTATIONS = YES;
				CLANG_WARN_DIRECT_OBJC_ISA_USAGE = YES_ERROR;
				CLANG_WARN_DOCUMENTATION_COMMENTS = YES;
				CLANG_WARN_EMPTY_BODY = YES;
				CLANG_WARN_ENUM_CONVERSION = YES;
				CLANG_WARN_INFINITE_RECURSION = YES;
				CLANG_WARN_INT_CONVERSION = YES;
				CLANG_WARN_NON_LITERAL_NULL_CONVERSION = YES;
				CLANG_WARN_OBJC_IMPLICIT_RETAIN_SELF = YES;
				CLANG_WARN_OBJC_LITERAL_CONVERSION = YES;
				CLANG_WARN_OBJC_ROOT_CLASS = YES_ERROR;
				CLANG_WARN_QUOTED_INCLUDE_IN_FRAMEWORK_HEADER = YES;
				CLANG_WARN_RANGE_LOOP_ANALYSIS = YES;
				CLANG_WARN_STRICT_PROTOTYPES = YES;
				CLANG_WARN_SUSPICIOUS_MOVE = YES;
				CLANG_WARN_UNGUARDED_AVAILABILITY = YES_AGGRESSIVE;
				CLANG_WARN_UNREACHABLE_CODE = YES;
				CLANG_WARN__DUPLICATE_METHOD_MATCH = YES;
				COPY_PHASE_STRIP = NO;
				DEBUG_INFORMATION_FORMAT = "dwarf-with-dsym";
				ENABLE_NS_ASSERTIONS = NO;
				ENABLE_STRICT_OBJC_MSGSEND = YES;
				GCC_C_LANGUAGE_STANDARD = gnu11;
				GCC_NO_COMMON_BLOCKS = YES;
				GCC_WARN_64_TO_32_BIT_CONVERSION = YES;
				GCC_WARN_ABOUT_RETURN_TYPE = YES_ERROR;
				GCC_WARN_UNDECLARED_SELECTOR = YES;
				GCC_WARN_UNINITIALIZED_AUTOS = YES_AGGRESSIVE;
				GCC_WARN_UNUSED_FUNCTION = YES;
				GCC_WARN_UNUSED_VARIABLE = YES;
				IPHONEOS_DEPLOYMENT_TARGET = 16.1;
				MTL_ENABLE_DEBUG_INFO = NO;
				MTL_FAST_MATH = YES;
				SDKROOT = iphoneos;
				SWIFT_COMPILATION_MODE = wholemodule;
				SWIFT_OPTIMIZATION_LEVEL = "-O";
				VALIDATE_PRODUCT = YES;
			};
			name = Release;
		};
		4DFA574029684D2B009E774F /* Debug */ = {
			isa = XCBuildConfiguration;
			buildSettings = {
				ASSETCATALOG_COMPILER_APPICON_NAME = AppIcon;
				ASSETCATALOG_COMPILER_GLOBAL_ACCENT_COLOR_NAME = AccentColor;
				CODE_SIGN_STYLE = Automatic;
				CURRENT_PROJECT_VERSION = 1;
				GENERATE_INFOPLIST_FILE = YES;
				INFOPLIST_FILE = Recipes/Info.plist;
				INFOPLIST_KEY_UIApplicationSupportsIndirectInputEvents = YES;
				INFOPLIST_KEY_UILaunchStoryboardName = LaunchScreen;
				INFOPLIST_KEY_UISupportedInterfaceOrientations_iPad = "UIInterfaceOrientationPortrait UIInterfaceOrientationPortraitUpsideDown UIInterfaceOrientationLandscapeLeft UIInterfaceOrientationLandscapeRight";
				INFOPLIST_KEY_UISupportedInterfaceOrientations_iPhone = "UIInterfaceOrientationPortrait UIInterfaceOrientationLandscapeLeft UIInterfaceOrientationLandscapeRight";
				LD_RUNPATH_SEARCH_PATHS = (
					"$(inherited)",
					"@executable_path/Frameworks",
				);
				MARKETING_VERSION = 1.0;
				PRODUCT_BUNDLE_IDENTIFIER = br.com.unicred.Recipes;
				PRODUCT_NAME = "$(TARGET_NAME)";
				SWIFT_EMIT_LOC_STRINGS = YES;
				SWIFT_VERSION = 5.0;
				TARGETED_DEVICE_FAMILY = "1,2";
			};
			name = Debug;
		};
		4DFA574129684D2B009E774F /* Release */ = {
			isa = XCBuildConfiguration;
			buildSettings = {
				ASSETCATALOG_COMPILER_APPICON_NAME = AppIcon;
				ASSETCATALOG_COMPILER_GLOBAL_ACCENT_COLOR_NAME = AccentColor;
				CODE_SIGN_STYLE = Automatic;
				CURRENT_PROJECT_VERSION = 1;
				GENERATE_INFOPLIST_FILE = YES;
				INFOPLIST_FILE = Recipes/Info.plist;
				INFOPLIST_KEY_UIApplicationSupportsIndirectInputEvents = YES;
				INFOPLIST_KEY_UILaunchStoryboardName = LaunchScreen;
				INFOPLIST_KEY_UISupportedInterfaceOrientations_iPad = "UIInterfaceOrientationPortrait UIInterfaceOrientationPortraitUpsideDown UIInterfaceOrientationLandscapeLeft UIInterfaceOrientationLandscapeRight";
				INFOPLIST_KEY_UISupportedInterfaceOrientations_iPhone = "UIInterfaceOrientationPortrait UIInterfaceOrientationLandscapeLeft UIInterfaceOrientationLandscapeRight";
				LD_RUNPATH_SEARCH_PATHS = (
					"$(inherited)",
					"@executable_path/Frameworks",
				);
				MARKETING_VERSION = 1.0;
				PRODUCT_BUNDLE_IDENTIFIER = br.com.unicred.Recipes;
				PRODUCT_NAME = "$(TARGET_NAME)";
				SWIFT_EMIT_LOC_STRINGS = YES;
				SWIFT_VERSION = 5.0;
				TARGETED_DEVICE_FAMILY = "1,2";
			};
			name = Release;
		};
/* End XCBuildConfiguration section */

/* Begin XCConfigurationList section */
		4DFA572629684D2A009E774F /* Build configuration list for PBXProject "Recipes" */ = {
			isa = XCConfigurationList;
			buildConfigurations = (
				4DFA573D29684D2B009E774F /* Debug */,
				4DFA573E29684D2B009E774F /* Release */,
			);
			defaultConfigurationIsVisible = 0;
			defaultConfigurationName = Release;
		};
		4DFA573F29684D2B009E774F /* Build configuration list for PBXNativeTarget "Recipes" */ = {
			isa = XCConfigurationList;
			buildConfigurations = (
				4DFA574029684D2B009E774F /* Debug */,
				4DFA574129684D2B009E774F /* Release */,
			);
			defaultConfigurationIsVisible = 0;
			defaultConfigurationName = Release;
		};
/* End XCConfigurationList section */
	};
	rootObject = 4DFA572329684D2A009E774F /* Project object */;
}
